
Microsoft Visual Studio Solution File, Format Version 10.00
# Visual Studio 2008
Project("{FAE04EC0-301F-11D3-BF4B-00C04F79EFBC}") = "TechTalk.FiltersAndContexts", "TechTalk.FiltersAndContexts.csproj", "{942E67D6-2F38-4BE0-823E-AA45F2BA1206}"
EndProject
Global
	GlobalSection(SolutionConfigurationPlatforms) = preSolution
		Debug|Any CPU = Debug|Any CPU
		Release|Any CPU = Release|Any CPU
	EndGlobalSection
	GlobalSection(ProjectConfigurationPlatforms) = postSolution
		{942E67D6-2F38-4BE0-823E-AA45F2BA1206}.Debug|Any CPU.ActiveCfg = Debug|Any CPU
		{942E67D6-2F38-4BE0-823E-AA45F2BA1206}.Debug|Any CPU.Build.0 = Debug|Any CPU
		{942E67D6-2F38-4BE0-823E-AA45F2BA1206}.Release|Any CPU.ActiveCfg = Release|Any CPU
		{942E67D6-2F38-4BE0-823E-AA45F2BA1206}.Release|Any CPU.Build.0 = Release|Any CPU
	EndGlobalSection
	GlobalSection(SolutionProperties) = preSolution
		HideSolutionNode = FALSE
	EndGlobalSection
EndGlobal
